
Microsoft Visual Studio Solution File, Format Version 12.00
# Visual Studio 2013
VisualStudioVersion = 12.0.30110.0
MinimumVisualStudioVersion = 10.0.40219.1
Project("{FAE04EC0-301F-11D3-BF4B-00C04F79EFBC}") = "TFSPicker", "TFSPicker.csproj", "{42C2D76D-1827-4389-95D9-AF6AAC4769EE}"
EndProject
Global
	GlobalSection(SolutionConfigurationPlatforms) = preSolution
		Build|Any CPU = Build|Any CPU
		Debug|Any CPU = Debug|Any CPU
		Release|Any CPU = Release|Any CPU
	EndGlobalSection
	GlobalSection(ProjectConfigurationPlatforms) = postSolution
		{42C2D76D-1827-4389-95D9-AF6AAC4769EE}.Build|Any CPU.ActiveCfg = Build|Any CPU
		{42C2D76D-1827-4389-95D9-AF6AAC4769EE}.Build|Any CPU.Build.0 = Build|Any CPU
		{42C2D76D-1827-4389-95D9-AF6AAC4769EE}.Debug|Any CPU.ActiveCfg = Debug|Any CPU
		{42C2D76D-1827-4389-95D9-AF6AAC4769EE}.Debug|Any CPU.Build.0 = Debug|Any CPU
		{42C2D76D-1827-4389-95D9-AF6AAC4769EE}.Release|Any CPU.ActiveCfg = Release|Any CPU
		{42C2D76D-1827-4389-95D9-AF6AAC4769EE}.Release|Any CPU.Build.0 = Release|Any CPU
	EndGlobalSection
	GlobalSection(SolutionProperties) = preSolution
		HideSolutionNode = FALSE
	EndGlobalSection
EndGlobal
